
Microsoft Visual Studio Solution File, Format Version 12.00
# Visual Studio Version 17
VisualStudioVersion = 17.13.35931.197 d17.13
MinimumVisualStudioVersion = 10.0.40219.1
Project("{FAE04EC0-301F-11D3-BF4B-00C04F79EFBC}") = "GettingReal", "GettingReal\GettingReal.csproj", "{CBC9A74D-1F28-418C-A222-3267FAA1C88A}"
EndProject
Global
	GlobalSection(SolutionConfigurationPlatforms) = preSolution
		Debug|Any CPU = Debug|Any CPU
		Release|Any CPU = Release|Any CPU
	EndGlobalSection
	GlobalSection(ProjectConfigurationPlatforms) = postSolution
		{CBC9A74D-1F28-418C-A222-3267FAA1C88A}.Debug|Any CPU.ActiveCfg = Debug|Any CPU
		{CBC9A74D-1F28-418C-A222-3267FAA1C88A}.Debug|Any CPU.Build.0 = Debug|Any CPU
		{CBC9A74D-1F28-418C-A222-3267FAA1C88A}.Release|Any CPU.ActiveCfg = Release|Any CPU
		{CBC9A74D-1F28-418C-A222-3267FAA1C88A}.Release|Any CPU.Build.0 = Release|Any CPU
	EndGlobalSection
	GlobalSection(SolutionProperties) = preSolution
		HideSolutionNode = FALSE
	EndGlobalSection
	GlobalSection(ExtensibilityGlobals) = postSolution
		SolutionGuid = {6B23FD10-2CA7-467A-8A2B-CB59E5F20DB1}
	EndGlobalSection
EndGlobal
